
Microsoft Visual Studio Solution File, Format Version 12.00
# Visual Studio Version 16
VisualStudioVersion = 16.0.29926.136
MinimumVisualStudioVersion = 10.0.40219.1
Project("{9A19103F-16F7-4668-BE54-9A1E7A4F7556}") = "AppKeyGenerator", "AppKeyGenerator\AppKeyGenerator.csproj", "{2B414342-DD47-4AF0-942B-75BEC1B7EA91}"
EndProject
Project("{9A19103F-16F7-4668-BE54-9A1E7A4F7556}") = "RsaLibrary", "RsaLibrary\RsaLibrary.csproj", "{44C1DABF-3D0B-4AE9-9E9D-0E95AA459153}"
EndProject
Project("{9A19103F-16F7-4668-BE54-9A1E7A4F7556}") = "CesarCodeApp", "CesarCodeApp\CesarCodeApp.csproj", "{0C2F9F2D-63F3-4F25-A2C1-883444BCDEFE}"
EndProject
Project("{9A19103F-16F7-4668-BE54-9A1E7A4F7556}") = "CaesarCipherLibrary", "CaesarCipherLibrary\CaesarCipherLibrary.csproj", "{7DB98863-FEE3-42CC-8CD3-80F27D13FE7E}"
EndProject
Project("{FAE04EC0-301F-11D3-BF4B-00C04F79EFBC}") = "AlgoritmoEuclide", "AlgoritmoEuclide\AlgoritmoEuclide.csproj", "{FFB088AF-0D4D-4D23-AB56-9F653416849B}"
EndProject
Global
	GlobalSection(SolutionConfigurationPlatforms) = preSolution
		Debug|Any CPU = Debug|Any CPU
		Release|Any CPU = Release|Any CPU
	EndGlobalSection
	GlobalSection(ProjectConfigurationPlatforms) = postSolution
		{2B414342-DD47-4AF0-942B-75BEC1B7EA91}.Debug|Any CPU.ActiveCfg = Debug|Any CPU
		{2B414342-DD47-4AF0-942B-75BEC1B7EA91}.Debug|Any CPU.Build.0 = Debug|Any CPU
		{2B414342-DD47-4AF0-942B-75BEC1B7EA91}.Release|Any CPU.ActiveCfg = Release|Any CPU
		{2B414342-DD47-4AF0-942B-75BEC1B7EA91}.Release|Any CPU.Build.0 = Release|Any CPU
		{44C1DABF-3D0B-4AE9-9E9D-0E95AA459153}.Debug|Any CPU.ActiveCfg = Debug|Any CPU
		{44C1DABF-3D0B-4AE9-9E9D-0E95AA459153}.Debug|Any CPU.Build.0 = Debug|Any CPU
		{44C1DABF-3D0B-4AE9-9E9D-0E95AA459153}.Release|Any CPU.ActiveCfg = Release|Any CPU
		{44C1DABF-3D0B-4AE9-9E9D-0E95AA459153}.Release|Any CPU.Build.0 = Release|Any CPU
		{0C2F9F2D-63F3-4F25-A2C1-883444BCDEFE}.Debug|Any CPU.ActiveCfg = Debug|Any CPU
		{0C2F9F2D-63F3-4F25-A2C1-883444BCDEFE}.Debug|Any CPU.Build.0 = Debug|Any CPU
		{0C2F9F2D-63F3-4F25-A2C1-883444BCDEFE}.Release|Any CPU.ActiveCfg = Release|Any CPU
		{0C2F9F2D-63F3-4F25-A2C1-883444BCDEFE}.Release|Any CPU.Build.0 = Release|Any CPU
		{7DB98863-FEE3-42CC-8CD3-80F27D13FE7E}.Debug|Any CPU.ActiveCfg = Debug|Any CPU
		{7DB98863-FEE3-42CC-8CD3-80F27D13FE7E}.Debug|Any CPU.Build.0 = Debug|Any CPU
		{7DB98863-FEE3-42CC-8CD3-80F27D13FE7E}.Release|Any CPU.ActiveCfg = Release|Any CPU
		{7DB98863-FEE3-42CC-8CD3-80F27D13FE7E}.Release|Any CPU.Build.0 = Release|Any CPU
		{FFB088AF-0D4D-4D23-AB56-9F653416849B}.Debug|Any CPU.ActiveCfg = Debug|Any CPU
		{FFB088AF-0D4D-4D23-AB56-9F653416849B}.Debug|Any CPU.Build.0 = Debug|Any CPU
		{FFB088AF-0D4D-4D23-AB56-9F653416849B}.Release|Any CPU.ActiveCfg = Release|Any CPU
		{FFB088AF-0D4D-4D23-AB56-9F653416849B}.Release|Any CPU.Build.0 = Release|Any CPU
	EndGlobalSection
	GlobalSection(SolutionProperties) = preSolution
		HideSolutionNode = FALSE
	EndGlobalSection
	GlobalSection(ExtensibilityGlobals) = postSolution
		SolutionGuid = {E22A68AA-E749-4ED7-B97B-EE0930A4B6F3}
	EndGlobalSection
EndGlobal
